
Microsoft Visual Studio Solution File, Format Version 12.00
Project("{FAE04EC0-301F-11D3-BF4B-00C04F79EFBC}") = "XExplorer.Maui", "XExplorer.Maui\XExplorer.Maui.csproj", "{31848D5F-7943-4965-8163-0783D8382D07}"
EndProject
Project("{FAE04EC0-301F-11D3-BF4B-00C04F79EFBC}") = "XExplorer.Core", "XExplorer.Core\XExplorer.Core.csproj", "{5B24664B-B4E8-4A63-99CB-049D59839FBB}"
EndProject
Global
	GlobalSection(SolutionConfigurationPlatforms) = preSolution
		Debug|Any CPU = Debug|Any CPU
		Release|Any CPU = Release|Any CPU
	EndGlobalSection
	GlobalSection(ProjectConfigurationPlatforms) = postSolution
		{31848D5F-7943-4965-8163-0783D8382D07}.Debug|Any CPU.ActiveCfg = Debug|Any CPU
		{31848D5F-7943-4965-8163-0783D8382D07}.Debug|Any CPU.Build.0 = Debug|Any CPU
		{31848D5F-7943-4965-8163-0783D8382D07}.Release|Any CPU.ActiveCfg = Release|Any CPU
		{31848D5F-7943-4965-8163-0783D8382D07}.Release|Any CPU.Build.0 = Release|Any CPU
		{5B24664B-B4E8-4A63-99CB-049D59839FBB}.Debug|Any CPU.ActiveCfg = Debug|Any CPU
		{5B24664B-B4E8-4A63-99CB-049D59839FBB}.Debug|Any CPU.Build.0 = Debug|Any CPU
		{5B24664B-B4E8-4A63-99CB-049D59839FBB}.Release|Any CPU.ActiveCfg = Release|Any CPU
		{5B24664B-B4E8-4A63-99CB-049D59839FBB}.Release|Any CPU.Build.0 = Release|Any CPU
	EndGlobalSection
EndGlobal
